
Microsoft Visual Studio Solution File, Format Version 12.00
# Visual Studio Version 17
VisualStudioVersion = 17.3.32825.248
MinimumVisualStudioVersion = 10.0.40219.1
Project("{8BC9CEB8-8B4A-11D0-8D11-00A0C91BC942}") = "Zvorygin_Laba-1", "Zvorygin_Laba-1\Zvorygin_Laba-1.vcxproj", "{E06E93CE-091C-43FF-9C40-5D0023C4F99C}"
EndProject
Global
	GlobalSection(SolutionConfigurationPlatforms) = preSolution
		Debug|x64 = Debug|x64
		Debug|x86 = Debug|x86
		Release|x64 = Release|x64
		Release|x86 = Release|x86
	EndGlobalSection
	GlobalSection(ProjectConfigurationPlatforms) = postSolution
		{E06E93CE-091C-43FF-9C40-5D0023C4F99C}.Debug|x64.ActiveCfg = Debug|x64
		{E06E93CE-091C-43FF-9C40-5D0023C4F99C}.Debug|x64.Build.0 = Debug|x64
		{E06E93CE-091C-43FF-9C40-5D0023C4F99C}.Debug|x86.ActiveCfg = Debug|Win32
		{E06E93CE-091C-43FF-9C40-5D0023C4F99C}.Debug|x86.Build.0 = Debug|Win32
		{E06E93CE-091C-43FF-9C40-5D0023C4F99C}.Release|x64.ActiveCfg = Release|x64
		{E06E93CE-091C-43FF-9C40-5D0023C4F99C}.Release|x64.Build.0 = Release|x64
		{E06E93CE-091C-43FF-9C40-5D0023C4F99C}.Release|x86.ActiveCfg = Release|Win32
		{E06E93CE-091C-43FF-9C40-5D0023C4F99C}.Release|x86.Build.0 = Release|Win32
	EndGlobalSection
	GlobalSection(SolutionProperties) = preSolution
		HideSolutionNode = FALSE
	EndGlobalSection
	GlobalSection(ExtensibilityGlobals) = postSolution
		SolutionGuid = {755E70B8-A828-464D-9CDE-18CBA745EF09}
	EndGlobalSection
EndGlobal
